// !$*UTF8*$!
{
	archiveVersion = 1;
	classes = {
	};
	objectVersion = 46;
	objects = {

/* Begin PBXBuildFile section */
		9C4881F41AA8B90E00834402 /* LoginViewController.swift in Sources */ = {isa = PBXBuildFile; fileRef = 9C4881F31AA8B90E00834402 /* LoginViewController.swift */; };
		E1569D061AA711CE0068B688 /* BlurView.swift in Sources */ = {isa = PBXBuildFile; fileRef = E1569CEB1AA711CE0068B688 /* BlurView.swift */; };
		E1569D071AA711CE0068B688 /* Data.swift in Sources */ = {isa = PBXBuildFile; fileRef = E1569CEC1AA711CE0068B688 /* Data.swift */; };
		E1569D081AA711CE0068B688 /* DesignableButton.swift in Sources */ = {isa = PBXBuildFile; fileRef = E1569CED1AA711CE0068B688 /* DesignableButton.swift */; };
		E1569D091AA711CE0068B688 /* DesignableImageView.swift in Sources */ = {isa = PBXBuildFile; fileRef = E1569CEE1AA711CE0068B688 /* DesignableImageView.swift */; };
		E1569D0A1AA711CE0068B688 /* DesignableLabel.swift in Sources */ = {isa = PBXBuildFile; fileRef = E1569CEF1AA711CE0068B688 /* DesignableLabel.swift */; };
		E1569D0B1AA711CE0068B688 /* DesignableTabBarController.swift in Sources */ = {isa = PBXBuildFile; fileRef = E1569CF01AA711CE0068B688 /* DesignableTabBarController.swift */; };
		E1569D0C1AA711CE0068B688 /* DesignableTextField.swift in Sources */ = {isa = PBXBuildFile; fileRef = E1569CF11AA711CE0068B688 /* DesignableTextField.swift */; };
		E1569D0D1AA711CE0068B688 /* DesignableTextView.swift in Sources */ = {isa = PBXBuildFile; fileRef = E1569CF21AA711CE0068B688 /* DesignableTextView.swift */; };
		E1569D0E1AA711CE0068B688 /* DesignableView.swift in Sources */ = {isa = PBXBuildFile; fileRef = E1569CF31AA711CE0068B688 /* DesignableView.swift */; };
		E1569D0F1AA711CE0068B688 /* ImageLoader.swift in Sources */ = {isa = PBXBuildFile; fileRef = E1569CF41AA711CE0068B688 /* ImageLoader.swift */; };
		E1569D101AA711CE0068B688 /* Info.plist in Resources */ = {isa = PBXBuildFile; fileRef = E1569CF51AA711CE0068B688 /* Info.plist */; };
		E1569D111AA711CE0068B688 /* KeyboardAvoidingScrollView.swift in Sources */ = {isa = PBXBuildFile; fileRef = E1569CF61AA711CE0068B688 /* KeyboardAvoidingScrollView.swift */; };
		E1569D121AA711CE0068B688 /* LoadingView.swift in Sources */ = {isa = PBXBuildFile; fileRef = E1569CF71AA711CE0068B688 /* LoadingView.swift */; };
		E1569D131AA711CE0068B688 /* LoadingView.xib in Resources */ = {isa = PBXBuildFile; fileRef = E1569CF81AA711CE0068B688 /* LoadingView.xib */; };
		E1569D141AA711CE0068B688 /* Misc.swift in Sources */ = {isa = PBXBuildFile; fileRef = E1569CF91AA711CE0068B688 /* Misc.swift */; };
		E1569D151AA711CE0068B688 /* Spring.swift in Sources */ = {isa = PBXBuildFile; fileRef = E1569CFB1AA711CE0068B688 /* Spring.swift */; };
		E1569D161AA711CE0068B688 /* SpringAnimation.swift in Sources */ = {isa = PBXBuildFile; fileRef = E1569CFC1AA711CE0068B688 /* SpringAnimation.swift */; };
		E1569D171AA711CE0068B688 /* SpringButton.swift in Sources */ = {isa = PBXBuildFile; fileRef = E1569CFD1AA711CE0068B688 /* SpringButton.swift */; };
		E1569D181AA711CE0068B688 /* SpringImageView.swift in Sources */ = {isa = PBXBuildFile; fileRef = E1569CFE1AA711CE0068B688 /* SpringImageView.swift */; };
		E1569D191AA711CE0068B688 /* SpringLabel.swift in Sources */ = {isa = PBXBuildFile; fileRef = E1569CFF1AA711CE0068B688 /* SpringLabel.swift */; };
		E1569D1A1AA711CE0068B688 /* SpringTextField.swift in Sources */ = {isa = PBXBuildFile; fileRef = E1569D001AA711CE0068B688 /* SpringTextField.swift */; };
		E1569D1B1AA711CE0068B688 /* SpringTextView.swift in Sources */ = {isa = PBXBuildFile; fileRef = E1569D011AA711CE0068B688 /* SpringTextView.swift */; };
		E1569D1C1AA711CE0068B688 /* SpringView.swift in Sources */ = {isa = PBXBuildFile; fileRef = E1569D021AA711CE0068B688 /* SpringView.swift */; };
		E1569D1D1AA711CE0068B688 /* TransitionManager.swift in Sources */ = {isa = PBXBuildFile; fileRef = E1569D031AA711CE0068B688 /* TransitionManager.swift */; };
		E1569D1E1AA711CE0068B688 /* TransitionZoom.swift in Sources */ = {isa = PBXBuildFile; fileRef = E1569D041AA711CE0068B688 /* TransitionZoom.swift */; };
		E1569D1F1AA711CE0068B688 /* UnwindSegue.swift in Sources */ = {isa = PBXBuildFile; fileRef = E1569D051AA711CE0068B688 /* UnwindSegue.swift */; };
		E1B268301A9EACCD00AFEA17 /* AppDelegate.swift in Sources */ = {isa = PBXBuildFile; fileRef = E1B2682F1A9EACCD00AFEA17 /* AppDelegate.swift */; };
		E1B268321A9EACCD00AFEA17 /* ViewController.swift in Sources */ = {isa = PBXBuildFile; fileRef = E1B268311A9EACCD00AFEA17 /* ViewController.swift */; };
		E1B268351A9EACCD00AFEA17 /* Main.storyboard in Resources */ = {isa = PBXBuildFile; fileRef = E1B268331A9EACCD00AFEA17 /* Main.storyboard */; };
		E1B268371A9EACCD00AFEA17 /* Images.xcassets in Resources */ = {isa = PBXBuildFile; fileRef = E1B268361A9EACCD00AFEA17 /* Images.xcassets */; };
		E1B2683A1A9EACCD00AFEA17 /* LaunchScreen.xib in Resources */ = {isa = PBXBuildFile; fileRef = E1B268381A9EACCD00AFEA17 /* LaunchScreen.xib */; };
		E1B268461A9EACCE00AFEA17 /* TestTests.swift in Sources */ = {isa = PBXBuildFile; fileRef = E1B268451A9EACCE00AFEA17 /* TestTests.swift */; };
/* End PBXBuildFile section */

/* Begin PBXContainerItemProxy section */
		E1B268401A9EACCE00AFEA17 /* PBXContainerItemProxy */ = {
			isa = PBXContainerItemProxy;
			containerPortal = E1B268221A9EACCD00AFEA17 /* Project object */;
			proxyType = 1;
			remoteGlobalIDString = E1B268291A9EACCD00AFEA17;
			remoteInfo = Test;
		};
/* End PBXContainerItemProxy section */

/* Begin PBXFileReference section */
		9C4881F31AA8B90E00834402 /* LoginViewController.swift */ = {isa = PBXFileReference; fileEncoding = 4; lastKnownFileType = sourcecode.swift; path = LoginViewController.swift; sourceTree = "<group>"; };
		E1569CEB1AA711CE0068B688 /* BlurView.swift */ = {isa = PBXFileReference; fileEncoding = 4; lastKnownFileType = sourcecode.swift; path = BlurView.swift; sourceTree = "<group>"; };
		E1569CEC1AA711CE0068B688 /* Data.swift */ = {isa = PBXFileReference; fileEncoding = 4; lastKnownFileType = sourcecode.swift; path = Data.swift; sourceTree = "<group>"; };
		E1569CED1AA711CE0068B688 /* DesignableButton.swift */ = {isa = PBXFileReference; fileEncoding = 4; lastKnownFileType = sourcecode.swift; path = DesignableButton.swift; sourceTree = "<group>"; };
		E1569CEE1AA711CE0068B688 /* DesignableImageView.swift */ = {isa = PBXFileReference; fileEncoding = 4; lastKnownFileType = sourcecode.swift; path = DesignableImageView.swift; sourceTree = "<group>"; };
		E1569CEF1AA711CE0068B688 /* DesignableLabel.swift */ = {isa = PBXFileReference; fileEncoding = 4; lastKnownFileType = sourcecode.swift; path = DesignableLabel.swift; sourceTree = "<group>"; };
		E1569CF01AA711CE0068B688 /* DesignableTabBarController.swift */ = {isa = PBXFileReference; fileEncoding = 4; lastKnownFileType = sourcecode.swift; path = DesignableTabBarController.swift; sourceTree = "<group>"; };
		E1569CF11AA711CE0068B688 /* DesignableTextField.swift */ = {isa = PBXFileReference; fileEncoding = 4; lastKnownFileType = sourcecode.swift; path = DesignableTextField.swift; sourceTree = "<group>"; };
		E1569CF21AA711CE0068B688 /* DesignableTextView.swift */ = {isa = PBXFileReference; fileEncoding = 4; lastKnownFileType = sourcecode.swift; path = DesignableTextView.swift; sourceTree = "<group>"; };
		E1569CF31AA711CE0068B688 /* DesignableView.swift */ = {isa = PBXFileReference; fileEncoding = 4; lastKnownFileType = sourcecode.swift; path = DesignableView.swift; sourceTree = "<group>"; };
		E1569CF41AA711CE0068B688 /* ImageLoader.swift */ = {isa = PBXFileReference; fileEncoding = 4; lastKnownFileType = sourcecode.swift; path = ImageLoader.swift; sourceTree = "<group>"; };
		E1569CF51AA711CE0068B688 /* Info.plist */ = {isa = PBXFileReference; fileEncoding = 4; lastKnownFileType = text.plist.xml; path = Info.plist; sourceTree = "<group>"; };
		E1569CF61AA711CE0068B688 /* KeyboardAvoidingScrollView.swift */ = {isa = PBXFileReference; fileEncoding = 4; lastKnownFileType = sourcecode.swift; path = KeyboardAvoidingScrollView.swift; sourceTree = "<group>"; };
		E1569CF71AA711CE0068B688 /* LoadingView.swift */ = {isa = PBXFileReference; fileEncoding = 4; lastKnownFileType = sourcecode.swift; path = LoadingView.swift; sourceTree = "<group>"; };
		E1569CF81AA711CE0068B688 /* LoadingView.xib */ = {isa = PBXFileReference; fileEncoding = 4; lastKnownFileType = file.xib; path = LoadingView.xib; sourceTree = "<group>"; };
		E1569CF91AA711CE0068B688 /* Misc.swift */ = {isa = PBXFileReference; fileEncoding = 4; lastKnownFileType = sourcecode.swift; path = Misc.swift; sourceTree = "<group>"; };
		E1569CFA1AA711CE0068B688 /* Spring.h */ = {isa = PBXFileReference; fileEncoding = 4; lastKnownFileType = sourcecode.c.h; path = Spring.h; sourceTree = "<group>"; };
		E1569CFB1AA711CE0068B688 /* Spring.swift */ = {isa = PBXFileReference; fileEncoding = 4; lastKnownFileType = sourcecode.swift; path = Spring.swift; sourceTree = "<group>"; };
		E1569CFC1AA711CE0068B688 /* SpringAnimation.swift */ = {isa = PBXFileReference; fileEncoding = 4; lastKnownFileType = sourcecode.swift; path = SpringAnimation.swift; sourceTree = "<group>"; };
		E1569CFD1AA711CE0068B688 /* SpringButton.swift */ = {isa = PBXFileReference; fileEncoding = 4; lastKnownFileType = sourcecode.swift; path = SpringButton.swift; sourceTree = "<group>"; };
		E1569CFE1AA711CE0068B688 /* SpringImageView.swift */ = {isa = PBXFileReference; fileEncoding = 4; lastKnownFileType = sourcecode.swift; path = SpringImageView.swift; sourceTree = "<group>"; };
		E1569CFF1AA711CE0068B688 /* SpringLabel.swift */ = {isa = PBXFileReference; fileEncoding = 4; lastKnownFileType = sourcecode.swift; path = SpringLabel.swift; sourceTree = "<group>"; };
		E1569D001AA711CE0068B688 /* SpringTextField.swift */ = {isa = PBXFileReference; fileEncoding = 4; lastKnownFileType = sourcecode.swift; path = SpringTextField.swift; sourceTree = "<group>"; };
		E1569D011AA711CE0068B688 /* SpringTextView.swift */ = {isa = PBXFileReference; fileEncoding = 4; lastKnownFileType = sourcecode.swift; path = SpringTextView.swift; sourceTree = "<group>"; };
		E1569D021AA711CE0068B688 /* SpringView.swift */ = {isa = PBXFileReference; fileEncoding = 4; lastKnownFileType = sourcecode.swift; path = SpringView.swift; sourceTree = "<group>"; };
		E1569D031AA711CE0068B688 /* TransitionManager.swift */ = {isa = PBXFileReference; fileEncoding = 4; lastKnownFileType = sourcecode.swift; path = TransitionManager.swift; sourceTree = "<group>"; };
		E1569D041AA711CE0068B688 /* TransitionZoom.swift */ = {isa = PBXFileReference; fileEncoding = 4; lastKnownFileType = sourcecode.swift; path = TransitionZoom.swift; sourceTree = "<group>"; };
		E1569D051AA711CE0068B688 /* UnwindSegue.swift */ = {isa = PBXFileReference; fileEncoding = 4; lastKnownFileType = sourcecode.swift; path = UnwindSegue.swift; sourceTree = "<group>"; };
		E1B2682A1A9EACCD00AFEA17 /* Test.app */ = {isa = PBXFileReference; explicitFileType = wrapper.application; includeInIndex = 0; path = Test.app; sourceTree = BUILT_PRODUCTS_DIR; };
		E1B2682E1A9EACCD00AFEA17 /* Info.plist */ = {isa = PBXFileReference; lastKnownFileType = text.plist.xml; path = Info.plist; sourceTree = "<group>"; };
		E1B2682F1A9EACCD00AFEA17 /* AppDelegate.swift */ = {isa = PBXFileReference; lastKnownFileType = sourcecode.swift; path = AppDelegate.swift; sourceTree = "<group>"; };
		E1B268311A9EACCD00AFEA17 /* ViewController.swift */ = {isa = PBXFileReference; lastKnownFileType = sourcecode.swift; path = ViewController.swift; sourceTree = "<group>"; };
		E1B268341A9EACCD00AFEA17 /* Base */ = {isa = PBXFileReference; lastKnownFileType = file.storyboard; name = Base; path = Base.lproj/Main.storyboard; sourceTree = "<group>"; };
		E1B268361A9EACCD00AFEA17 /* Images.xcassets */ = {isa = PBXFileReference; lastKnownFileType = folder.assetcatalog; path = Images.xcassets; sourceTree = "<group>"; };
		E1B268391A9EACCD00AFEA17 /* Base */ = {isa = PBXFileReference; lastKnownFileType = file.xib; name = Base; path = Base.lproj/LaunchScreen.xib; sourceTree = "<group>"; };
		E1B2683F1A9EACCE00AFEA17 /* TestTests.xctest */ = {isa = PBXFileReference; explicitFileType = wrapper.cfbundle; includeInIndex = 0; path = TestTests.xctest; sourceTree = BUILT_PRODUCTS_DIR; };
		E1B268441A9EACCE00AFEA17 /* Info.plist */ = {isa = PBXFileReference; lastKnownFileType = text.plist.xml; path = Info.plist; sourceTree = "<group>"; };
		E1B268451A9EACCE00AFEA17 /* TestTests.swift */ = {isa = PBXFileReference; lastKnownFileType = sourcecode.swift; path = TestTests.swift; sourceTree = "<group>"; };
/* End PBXFileReference section */

/* Begin PBXFrameworksBuildPhase section */
		E1B268271A9EACCD00AFEA17 /* Frameworks */ = {
			isa = PBXFrameworksBuildPhase;
			buildActionMask = 2147483647;
			files = (
			);
			runOnlyForDeploymentPostprocessing = 0;
		};
		E1B2683C1A9EACCE00AFEA17 /* Frameworks */ = {
			isa = PBXFrameworksBuildPhase;
			buildActionMask = 2147483647;
			files = (
			);
			runOnlyForDeploymentPostprocessing = 0;
		};
/* End PBXFrameworksBuildPhase section */

/* Begin PBXGroup section */
		E1569CEA1AA711CE0068B688 /* Spring */ = {
			isa = PBXGroup;
			children = (
				E1569CEB1AA711CE0068B688 /* BlurView.swift */,
				E1569CEC1AA711CE0068B688 /* Data.swift */,
				E1569CED1AA711CE0068B688 /* DesignableButton.swift */,
				E1569CEE1AA711CE0068B688 /* DesignableImageView.swift */,
				E1569CEF1AA711CE0068B688 /* DesignableLabel.swift */,
				E1569CF01AA711CE0068B688 /* DesignableTabBarController.swift */,
				E1569CF11AA711CE0068B688 /* DesignableTextField.swift */,
				E1569CF21AA711CE0068B688 /* DesignableTextView.swift */,
				E1569CF31AA711CE0068B688 /* DesignableView.swift */,
				E1569CF41AA711CE0068B688 /* ImageLoader.swift */,
				E1569CF51AA711CE0068B688 /* Info.plist */,
				E1569CF61AA711CE0068B688 /* KeyboardAvoidingScrollView.swift */,
				E1569CF71AA711CE0068B688 /* LoadingView.swift */,
				E1569CF81AA711CE0068B688 /* LoadingView.xib */,
				E1569CF91AA711CE0068B688 /* Misc.swift */,
				E1569CFA1AA711CE0068B688 /* Spring.h */,
				E1569CFB1AA711CE0068B688 /* Spring.swift */,
				E1569CFC1AA711CE0068B688 /* SpringAnimation.swift */,
				E1569CFD1AA711CE0068B688 /* SpringButton.swift */,
				E1569CFE1AA711CE0068B688 /* SpringImageView.swift */,
				E1569CFF1AA711CE0068B688 /* SpringLabel.swift */,
				E1569D001AA711CE0068B688 /* SpringTextField.swift */,
				E1569D011AA711CE0068B688 /* SpringTextView.swift */,
				E1569D021AA711CE0068B688 /* SpringView.swift */,
				E1569D031AA711CE0068B688 /* TransitionManager.swift */,
				E1569D041AA711CE0068B688 /* TransitionZoom.swift */,
				E1569D051AA711CE0068B688 /* UnwindSegue.swift */,
			);
			path = Spring;
			sourceTree = "<group>";
		};
		E1B268211A9EACCD00AFEA17 = {
			isa = PBXGroup;
			children = (
				9C4881F31AA8B90E00834402 /* LoginViewController.swift */,
				E1B2682C1A9EACCD00AFEA17 /* Test */,
				E1B268421A9EACCE00AFEA17 /* TestTests */,
				E1B2682B1A9EACCD00AFEA17 /* Products */,
			);
			sourceTree = "<group>";
		};
		E1B2682B1A9EACCD00AFEA17 /* Products */ = {
			isa = PBXGroup;
			children = (
				E1B2682A1A9EACCD00AFEA17 /* Test.app */,
				E1B2683F1A9EACCE00AFEA17 /* TestTests.xctest */,
			);
			name = Products;
			sourceTree = "<group>";
		};
		E1B2682C1A9EACCD00AFEA17 /* Test */ = {
			isa = PBXGroup;
			children = (
				E1569CEA1AA711CE0068B688 /* Spring */,
				E1B2682F1A9EACCD00AFEA17 /* AppDelegate.swift */,
				E1B268311A9EACCD00AFEA17 /* ViewController.swift */,
				E1B268331A9EACCD00AFEA17 /* Main.storyboard */,
				E1B268361A9EACCD00AFEA17 /* Images.xcassets */,
				E1B268381A9EACCD00AFEA17 /* LaunchScreen.xib */,
				E1B2682D1A9EACCD00AFEA17 /* Supporting Files */,
			);
			path = Test;
			sourceTree = "<group>";
		};
		E1B2682D1A9EACCD00AFEA17 /* Supporting Files */ = {
			isa = PBXGroup;
			children = (
				E1B2682E1A9EACCD00AFEA17 /* Info.plist */,
			);
			name = "Supporting Files";
			sourceTree = "<group>";
		};
		E1B268421A9EACCE00AFEA17 /* TestTests */ = {
			isa = PBXGroup;
			children = (
				E1B268451A9EACCE00AFEA17 /* TestTests.swift */,
				E1B268431A9EACCE00AFEA17 /* Supporting Files */,
			);
			path = TestTests;
			sourceTree = "<group>";
		};
		E1B268431A9EACCE00AFEA17 /* Supporting Files */ = {
			isa = PBXGroup;
			children = (
				E1B268441A9EACCE00AFEA17 /* Info.plist */,
			);
			name = "Supporting Files";
			sourceTree = "<group>";
		};
/* End PBXGroup section */

/* Begin PBXNativeTarget section */
		E1B268291A9EACCD00AFEA17 /* Test */ = {
			isa = PBXNativeTarget;
			buildConfigurationList = E1B268491A9EACCE00AFEA17 /* Build configuration list for PBXNativeTarget "Test" */;
			buildPhases = (
				E1B268261A9EACCD00AFEA17 /* Sources */,
				E1B268271A9EACCD00AFEA17 /* Frameworks */,
				E1B268281A9EACCD00AFEA17 /* Resources */,
			);
			buildRules = (
			);
			dependencies = (
			);
			name = Test;
			productName = Test;
			productReference = E1B2682A1A9EACCD00AFEA17 /* Test.app */;
			productType = "com.apple.product-type.application";
		};
		E1B2683E1A9EACCE00AFEA17 /* TestTests */ = {
			isa = PBXNativeTarget;
			buildConfigurationList = E1B2684C1A9EACCE00AFEA17 /* Build configuration list for PBXNativeTarget "TestTests" */;
			buildPhases = (
				E1B2683B1A9EACCE00AFEA17 /* Sources */,
				E1B2683C1A9EACCE00AFEA17 /* Frameworks */,
				E1B2683D1A9EACCE00AFEA17 /* Resources */,
			);
			buildRules = (
			);
			dependencies = (
				E1B268411A9EACCE00AFEA17 /* PBXTargetDependency */,
			);
			name = TestTests;
			productName = TestTests;
			productReference = E1B2683F1A9EACCE00AFEA17 /* TestTests.xctest */;
			productType = "com.apple.product-type.bundle.unit-test";
		};
/* End PBXNativeTarget section */

/* Begin PBXProject section */
		E1B268221A9EACCD00AFEA17 /* Project object */ = {
			isa = PBXProject;
			attributes = {
				LastUpgradeCheck = 0610;
				ORGANIZATIONNAME = lessdesign;
				TargetAttributes = {
					E1B268291A9EACCD00AFEA17 = {
						CreatedOnToolsVersion = 6.1;
						DevelopmentTeam = M7ADN2SMDB;
					};
					E1B2683E1A9EACCE00AFEA17 = {
						CreatedOnToolsVersion = 6.1;
						TestTargetID = E1B268291A9EACCD00AFEA17;
					};
				};
			};
			buildConfigurationList = E1B268251A9EACCD00AFEA17 /* Build configuration list for PBXProject "Test" */;
			compatibilityVersion = "Xcode 3.2";
			developmentRegion = English;
			hasScannedForEncodings = 0;
			knownRegions = (
				en,
				Base,
			);
			mainGroup = E1B268211A9EACCD00AFEA17;
			productRefGroup = E1B2682B1A9EACCD00AFEA17 /* Products */;
			projectDirPath = "";
			projectRoot = "";
			targets = (
				E1B268291A9EACCD00AFEA17 /* Test */,
				E1B2683E1A9EACCE00AFEA17 /* TestTests */,
			);
		};
/* End PBXProject section */

/* Begin PBXResourcesBuildPhase section */
		E1B268281A9EACCD00AFEA17 /* Resources */ = {
			isa = PBXResourcesBuildPhase;
			buildActionMask = 2147483647;
			files = (
				E1569D101AA711CE0068B688 /* Info.plist in Resources */,
				E1B268351A9EACCD00AFEA17 /* Main.storyboard in Resources */,
				E1B2683A1A9EACCD00AFEA17 /* LaunchScreen.xib in Resources */,
				E1B268371A9EACCD00AFEA17 /* Images.xcassets in Resources */,
				E1569D131AA711CE0068B688 /* LoadingView.xib in Resources */,
			);
			runOnlyForDeploymentPostprocessing = 0;
		};
		E1B2683D1A9EACCE00AFEA17 /* Resources */ = {
			isa = PBXResourcesBuildPhase;
			buildActionMask = 2147483647;
			files = (
			);
			runOnlyForDeploymentPostprocessing = 0;
		};
/* End PBXResourcesBuildPhase section */

/* Begin PBXSourcesBuildPhase section */
		E1B268261A9EACCD00AFEA17 /* Sources */ = {
			isa = PBXSourcesBuildPhase;
			buildActionMask = 2147483647;
			files = (
				9C4881F41AA8B90E00834402 /* LoginViewController.swift in Sources */,
				E1569D1D1AA711CE0068B688 /* TransitionManager.swift in Sources */,
				E1B268321A9EACCD00AFEA17 /* ViewController.swift in Sources */,
				E1569D181AA711CE0068B688 /* SpringImageView.swift in Sources */,
				E1569D161AA711CE0068B688 /* SpringAnimation.swift in Sources */,
				E1569D0C1AA711CE0068B688 /* DesignableTextField.swift in Sources */,
				E1569D0F1AA711CE0068B688 /* ImageLoader.swift in Sources */,
				E1569D1E1AA711CE0068B688 /* TransitionZoom.swift in Sources */,
				E1569D1C1AA711CE0068B688 /* SpringView.swift in Sources */,
				E1569D1F1AA711CE0068B688 /* UnwindSegue.swift in Sources */,
				E1569D141AA711CE0068B688 /* Misc.swift in Sources */,
				E1569D1B1AA711CE0068B688 /* SpringTextView.swift in Sources */,
				E1569D1A1AA711CE0068B688 /* SpringTextField.swift in Sources */,
				E1569D111AA711CE0068B688 /* KeyboardAvoidingScrollView.swift in Sources */,
				E1B268301A9EACCD00AFEA17 /* AppDelegate.swift in Sources */,
				E1569D121AA711CE0068B688 /* LoadingView.swift in Sources */,
				E1569D0E1AA711CE0068B688 /* DesignableView.swift in Sources */,
				E1569D0B1AA711CE0068B688 /* DesignableTabBarController.swift in Sources */,
				E1569D061AA711CE0068B688 /* BlurView.swift in Sources */,
				E1569D151AA711CE0068B688 /* Spring.swift in Sources */,
				E1569D081AA711CE0068B688 /* DesignableButton.swift in Sources */,
				E1569D091AA711CE0068B688 /* DesignableImageView.swift in Sources */,
				E1569D191AA711CE0068B688 /* SpringLabel.swift in Sources */,
				E1569D171AA711CE0068B688 /* SpringButton.swift in Sources */,
				E1569D0D1AA711CE0068B688 /* DesignableTextView.swift in Sources */,
				E1569D0A1AA711CE0068B688 /* DesignableLabel.swift in Sources */,
				E1569D071AA711CE0068B688 /* Data.swift in Sources */,
			);
			runOnlyForDeploymentPostprocessing = 0;
		};
		E1B2683B1A9EACCE00AFEA17 /* Sources */ = {
			isa = PBXSourcesBuildPhase;
			buildActionMask = 2147483647;
			files = (
				E1B268461A9EACCE00AFEA17 /* TestTests.swift in Sources */,
			);
			runOnlyForDeploymentPostprocessing = 0;
		};
/* End PBXSourcesBuildPhase section */

/* Begin PBXTargetDependency section */
		E1B268411A9EACCE00AFEA17 /* PBXTargetDependency */ = {
			isa = PBXTargetDependency;
			target = E1B268291A9EACCD00AFEA17 /* Test */;
			targetProxy = E1B268401A9EACCE00AFEA17 /* PBXContainerItemProxy */;
		};
/* End PBXTargetDependency section */

/* Begin PBXVariantGroup section */
		E1B268331A9EACCD00AFEA17 /* Main.storyboard */ = {
			isa = PBXVariantGroup;
			children = (
				E1B268341A9EACCD00AFEA17 /* Base */,
			);
			name = Main.storyboard;
			sourceTree = "<group>";
		};
		E1B268381A9EACCD00AFEA17 /* LaunchScreen.xib */ = {
			isa = PBXVariantGroup;
			children = (
				E1B268391A9EACCD00AFEA17 /* Base */,
			);
			name = LaunchScreen.xib;
			sourceTree = "<group>";
		};
/* End PBXVariantGroup section */

/* Begin XCBuildConfiguration section */
		E1B268471A9EACCE00AFEA17 /* Debug */ = {
			isa = XCBuildConfiguration;
			buildSettings = {
				ALWAYS_SEARCH_USER_PATHS = NO;
				CLANG_CXX_LANGUAGE_STANDARD = "gnu++0x";
				CLANG_CXX_LIBRARY = "libc++";
				CLANG_ENABLE_MODULES = YES;
				CLANG_ENABLE_OBJC_ARC = YES;
				CLANG_WARN_BOOL_CONVERSION = YES;
				CLANG_WARN_CONSTANT_CONVERSION = YES;
				CLANG_WARN_DIRECT_OBJC_ISA_USAGE = YES_ERROR;
				CLANG_WARN_EMPTY_BODY = YES;
				CLANG_WARN_ENUM_CONVERSION = YES;
				CLANG_WARN_INT_CONVERSION = YES;
				CLANG_WARN_OBJC_ROOT_CLASS = YES_ERROR;
				CLANG_WARN_UNREACHABLE_CODE = YES;
				CLANG_WARN__DUPLICATE_METHOD_MATCH = YES;
				"CODE_SIGN_IDENTITY[sdk=iphoneos*]" = "iPhone Developer";
				COPY_PHASE_STRIP = NO;
				ENABLE_STRICT_OBJC_MSGSEND = YES;
				GCC_C_LANGUAGE_STANDARD = gnu99;
				GCC_DYNAMIC_NO_PIC = NO;
				GCC_OPTIMIZATION_LEVEL = 0;
				GCC_PREPROCESSOR_DEFINITIONS = (
					"DEBUG=1",
					"$(inherited)",
				);
				GCC_SYMBOLS_PRIVATE_EXTERN = NO;
				GCC_WARN_64_TO_32_BIT_CONVERSION = YES;
				GCC_WARN_ABOUT_RETURN_TYPE = YES_ERROR;
				GCC_WARN_UNDECLARED_SELECTOR = YES;
				GCC_WARN_UNINITIALIZED_AUTOS = YES_AGGRESSIVE;
				GCC_WARN_UNUSED_FUNCTION = YES;
				GCC_WARN_UNUSED_VARIABLE = YES;
				IPHONEOS_DEPLOYMENT_TARGET = 8.1;
				MTL_ENABLE_DEBUG_INFO = YES;
				ONLY_ACTIVE_ARCH = YES;
				SDKROOT = iphoneos;
				SWIFT_OPTIMIZATION_LEVEL = "-Onone";
				TARGETED_DEVICE_FAMILY = "1,2";
			};
			name = Debug;
		};
		E1B268481A9EACCE00AFEA17 /* Release */ = {
			isa = XCBuildConfiguration;
			buildSettings = {
				ALWAYS_SEARCH_USER_PATHS = NO;
				CLANG_CXX_LANGUAGE_STANDARD = "gnu++0x";
				CLANG_CXX_LIBRARY = "libc++";
				CLANG_ENABLE_MODULES = YES;
				CLANG_ENABLE_OBJC_ARC = YES;
				CLANG_WARN_BOOL_CONVERSION = YES;
				CLANG_WARN_CONSTANT_CONVERSION = YES;
				CLANG_WARN_DIRECT_OBJC_ISA_USAGE = YES_ERROR;
				CLANG_WARN_EMPTY_BODY = YES;
				CLANG_WARN_ENUM_CONVERSION = YES;
				CLANG_WARN_INT_CONVERSION = YES;
				CLANG_WARN_OBJC_ROOT_CLASS = YES_ERROR;
				CLANG_WARN_UNREACHABLE_CODE = YES;
				CLANG_WARN__DUPLICATE_METHOD_MATCH = YES;
				"CODE_SIGN_IDENTITY[sdk=iphoneos*]" = "iPhone Developer";
				COPY_PHASE_STRIP = YES;
				ENABLE_NS_ASSERTIONS = NO;
				ENABLE_STRICT_OBJC_MSGSEND = YES;
				GCC_C_LANGUAGE_STANDARD = gnu99;
				GCC_WARN_64_TO_32_BIT_CONVERSION = YES;
				GCC_WARN_ABOUT_RETURN_TYPE = YES_ERROR;
				GCC_WARN_UNDECLARED_SELECTOR = YES;
				GCC_WARN_UNINITIALIZED_AUTOS = YES_AGGRESSIVE;
				GCC_WARN_UNUSED_FUNCTION = YES;
				GCC_WARN_UNUSED_VARIABLE = YES;
				IPHONEOS_DEPLOYMENT_TARGET = 8.1;
				MTL_ENABLE_DEBUG_INFO = NO;
				SDKROOT = iphoneos;
				TARGETED_DEVICE_FAMILY = "1,2";
				VALIDATE_PRODUCT = YES;
			};
			name = Release;
		};
		E1B2684A1A9EACCE00AFEA17 /* Debug */ = {
			isa = XCBuildConfiguration;
			buildSettings = {
				ASSETCATALOG_COMPILER_APPICON_NAME = AppIcon;
				CODE_SIGN_IDENTITY = "iPhone Developer";
				INFOPLIST_FILE = Test/Info.plist;
				LD_RUNPATH_SEARCH_PATHS = "$(inherited) @executable_path/Frameworks";
				PRODUCT_NAME = "$(TARGET_NAME)";
			};
			name = Debug;
		};
		E1B2684B1A9EACCE00AFEA17 /* Release */ = {
			isa = XCBuildConfiguration;
			buildSettings = {
				ASSETCATALOG_COMPILER_APPICON_NAME = AppIcon;
				CODE_SIGN_IDENTITY = "iPhone Developer";
				INFOPLIST_FILE = Test/Info.plist;
				LD_RUNPATH_SEARCH_PATHS = "$(inherited) @executable_path/Frameworks";
				PRODUCT_NAME = "$(TARGET_NAME)";
			};
			name = Release;
		};
		E1B2684D1A9EACCE00AFEA17 /* Debug */ = {
			isa = XCBuildConfiguration;
			buildSettings = {
				BUNDLE_LOADER = "$(TEST_HOST)";
				FRAMEWORK_SEARCH_PATHS = (
					"$(SDKROOT)/Developer/Library/Frameworks",
					"$(inherited)",
				);
				GCC_PREPROCESSOR_DEFINITIONS = (
					"DEBUG=1",
					"$(inherited)",
				);
				INFOPLIST_FILE = TestTests/Info.plist;
				LD_RUNPATH_SEARCH_PATHS = "$(inherited) @executable_path/Frameworks @loader_path/Frameworks";
				PRODUCT_NAME = "$(TARGET_NAME)";
				TEST_HOST = "$(BUILT_PRODUCTS_DIR)/Test.app/Test";
			};
			name = Debug;
		};
		E1B2684E1A9EACCE00AFEA17 /* Release */ = {
			isa = XCBuildConfiguration;
			buildSettings = {
				BUNDLE_LOADER = "$(TEST_HOST)";
				FRAMEWORK_SEARCH_PATHS = (
					"$(SDKROOT)/Developer/Library/Frameworks",
					"$(inherited)",
				);
				INFOPLIST_FILE = TestTests/Info.plist;
				LD_RUNPATH_SEARCH_PATHS = "$(inherited) @executable_path/Frameworks @loader_path/Frameworks";
				PRODUCT_NAME = "$(TARGET_NAME)";
				TEST_HOST = "$(BUILT_PRODUCTS_DIR)/Test.app/Test";
			};
			name = Release;
		};
/* End XCBuildConfiguration section */

/* Begin XCConfigurationList section */
		E1B268251A9EACCD00AFEA17 /* Build configuration list for PBXProject "Test" */ = {
			isa = XCConfigurationList;
			buildConfigurations = (
				E1B268471A9EACCE00AFEA17 /* Debug */,
				E1B268481A9EACCE00AFEA17 /* Release */,
			);
			defaultConfigurationIsVisible = 0;
			defaultConfigurationName = Release;
		};
		E1B268491A9EACCE00AFEA17 /* Build configuration list for PBXNativeTarget "Test" */ = {
			isa = XCConfigurationList;
			buildConfigurations = (
				E1B2684A1A9EACCE00AFEA17 /* Debug */,
				E1B2684B1A9EACCE00AFEA17 /* Release */,
			);
			defaultConfigurationIsVisible = 0;
			defaultConfigurationName = Release;
		};
		E1B2684C1A9EACCE00AFEA17 /* Build configuration list for PBXNativeTarget "TestTests" */ = {
			isa = XCConfigurationList;
			buildConfigurations = (
				E1B2684D1A9EACCE00AFEA17 /* Debug */,
				E1B2684E1A9EACCE00AFEA17 /* Release */,
			);
			defaultConfigurationIsVisible = 0;
			defaultConfigurationName = Release;
		};
/* End XCConfigurationList section */
	};
	rootObject = E1B268221A9EACCD00AFEA17 /* Project object */;
}
